Microsoft Visual Studio Solution File, Format Version 11.00
# Visual Studio 2008

Project("{D6CE00A9-F800-7ADB-4F87-C5F719E8A57C}") = "Romaniv_20140216 copy 2", "Assembly-CSharp.csproj", "{F77F260C-142D-A238-33F7-D29A7D106AED}"
EndProject
Global
	GlobalSection(SolutionConfigurationPlatforms) = preSolution
		Debug|Any CPU = Debug|Any CPU
		Release|Any CPU = Release|Any CPU
	EndGlobalSection
	GlobalSection(ProjectConfigurationPlatforms) = postSolution
		{F77F260C-142D-A238-33F7-D29A7D106AED}.Debug|Any CPU.ActiveCfg = Debug|Any CPU
		{F77F260C-142D-A238-33F7-D29A7D106AED}.Debug|Any CPU.Build.0 = Debug|Any CPU
		{F77F260C-142D-A238-33F7-D29A7D106AED}.Release|Any CPU.ActiveCfg = Release|Any CPU
		{F77F260C-142D-A238-33F7-D29A7D106AED}.Release|Any CPU.Build.0 = Release|Any CPU
	EndGlobalSection
	GlobalSection(SolutionProperties) = preSolution
		HideSolutionNode = FALSE
	EndGlobalSection
												GlobalSection(MonoDevelopProperties) = preSolution
		StartupItem = Assembly-CSharp.csproj
		Policies = $0
		$0.TextStylePolicy = $1
		$1.inheritsSet = null
		$1.scope = text/x-csharp
		$0.CSharpFormattingPolicy = $2
		$2.inheritsSet = Mono
		$2.inheritsScope = text/x-csharp
		$2.scope = text/x-csharp
		$0.TextStylePolicy = $3
		$3.FileWidth = 120
		$3.TabWidth = 4
		$3.EolMarker = Unix
		$3.inheritsSet = Mono
		$3.inheritsScope = text/plain
		$3.scope = text/plain
	EndGlobalSection

EndGlobal
